<?xml version="1.0" encoding="UTF-8" standalone="yes" ?>
<CodeBlocks_project_file>
	<FileVersion major="1" minor="6" />
	<Project>
		<Option title="Cruise_servise" />
		<Option pch_mode="2" />
		<Option compiler="gcc" />
		<Build>
			<Target title="Release">
				<Option output="bin\Release\Cruise_servise" prefix_auto="1" extension_auto="1" />
				<Option object_output="obj\Release\" />
				<Option type="1" />
				<Option compiler="gcc" />
				<Option parameters="CruiseS1 comsole" />
			</Target>
			<Target title="Debug">
				<Option output="bin\Debug\Cruise_servise" prefix_auto="1" extension_auto="1" />
				<Option object_output="obj\Debug\" />
				<Option type="1" />
				<Option compiler="gcc" />
				<Option parameters="CruiseS1 comsole" />
				<Compiler>
					<Add option="-g" />
				</Compiler>
			</Target>
		</Build>
		<Compiler>
			<Add option="-fexceptions" />
			<Add option="-Wno-parentheses" />
			<Add option="-static" />
			<Add option="-static-libgcc" />
			<Add directory="src" />
		</Compiler>
		<Linker>
			<Add option="-l wsock32" />
			<Add option="-static" />
			<Add option="-static-libgcc" />
			<Add library=".\addons\pthread\lib\x86\libpthreadGC2.a" />
			<Add directory="include" />
		</Linker>
		<Unit filename="4ernovik.txt" />
		<Unit filename="CInsim.cpp" />
		<Unit filename="CInsim.h" />
		<Unit filename="RCAntCheat.cpp" />
		<Unit filename="RCAntCheat.h" />
		<Unit filename="RCBank.cpp" />
		<Unit filename="RCBank.h" />
		<Unit filename="RCBaseClass.cpp" />
		<Unit filename="RCBaseClass.h" />
		<Unit filename="RCDrivingLicense.cpp" />
		<Unit filename="RCDrivingLicense.h" />
		<Unit filename="RCEnergy.cpp" />
		<Unit filename="RCEnergy.h" />
		<Unit filename="RCLight.cpp" />
		<Unit filename="RCLight.h" />
		<Unit filename="RCMain.cpp" />
		<Unit filename="RCMain.h" />
		<Unit filename="RCMessage.cpp" />
		<Unit filename="RCMessage.h" />
		<Unit filename="RCPizza.cpp" />
		<Unit filename="RCPizza.h" />
		<Unit filename="RCPolice.cpp" />
		<Unit filename="RCPolice.h" />
		<Unit filename="RCStreet.cpp" />
		<Unit filename="RCStreet.h" />
		<Unit filename="RCTaxi.cpp" />
		<Unit filename="RCTaxi.h" />
		<Unit filename="Release note.txt" />
		<Unit filename="TODO.txt" />
		<Unit filename="insim.h" />
		<Unit filename="pthread.h" />
		<Unit filename="tools.cpp" />
		<Unit filename="tools.h" />
		<Unit filename="version.h" />
		<Extensions>
			<code_completion />
			<debugger />
			<envvars />
			<AutoVersioning>
				<Scheme minor_max="10" build_max="0" rev_max="0" rev_rand_max="10" build_times_to_increment_minor="100" />
				<Settings autoincrement="1" date_declarations="1" do_auto_increment="0" ask_to_increment="0" language="C++" svn="0" svn_directory="" header_path="version.h" />
				<Changes_Log show_changes_editor="0" app_title="released version %M.%m.%b of %p" changeslog_path="ChangesLog.txt" />
				<Code header_guard="VERSION_H" namespace="AutoVersion" prefix="RC" />
			</AutoVersioning>
		</Extensions>
	</Project>
</CodeBlocks_project_file>
